// !$*UTF8*$!
{
	archiveVersion = 1;
	classes = {
	};
	objectVersion = 46;
	objects = {

/* Begin PBXBuildFile section */
		A08A132E194B016A000F6308 /* Test2.m in Sources */ = {isa = PBXBuildFile; fileRef = A08A132D194B016A000F6308 /* Test2.m */; };
		A0F2A4D5194ACFDE0035F17C /* main.m in Sources */ = {isa = PBXBuildFile; fileRef = A0F2A4D4194ACFDE0035F17C /* main.m */; };
		A0F2A4D8194ACFDE0035F17C /* AppDelegate.m in Sources */ = {isa = PBXBuildFile; fileRef = A0F2A4D7194ACFDE0035F17C /* AppDelegate.m */; };
		A0F2A4DB194ACFDE0035F17C /* ViewController.m in Sources */ = {isa = PBXBuildFile; fileRef = A0F2A4DA194ACFDE0035F17C /* ViewController.m */; };
		A0F2A4DE194ACFDE0035F17C /* Main.storyboard in Resources */ = {isa = PBXBuildFile; fileRef = A0F2A4DC194ACFDE0035F17C /* Main.storyboard */; };
		A0F2A4E0194ACFDE0035F17C /* Images.xcassets in Resources */ = {isa = PBXBuildFile; fileRef = A0F2A4DF194ACFDE0035F17C /* Images.xcassets */; };
		A0F2A4EC194ACFDE0035F17C /* DylibTestTests.m in Sources */ = {isa = PBXBuildFile; fileRef = A0F2A4EB194ACFDE0035F17C /* DylibTestTests.m */; };
/* End PBXBuildFile section */

/* Begin PBXContainerItemProxy section */
		A0F2A4E6194ACFDE0035F17C /* PBXContainerItemProxy */ = {
			isa = PBXContainerItemProxy;
			containerPortal = A0F2A4C7194ACFDE0035F17C /* Project object */;
			proxyType = 1;
			remoteGlobalIDString = A0F2A4CE194ACFDE0035F17C;
			remoteInfo = DylibTest;
		};
/* End PBXContainerItemProxy section */

/* Begin PBXFileReference section */
		A08A132C194B016A000F6308 /* Test2.h */ = {isa = PBXFileReference; fileEncoding = 4; lastKnownFileType = sourcecode.c.h; path = Test2.h; sourceTree = "<group>"; };
		A08A132D194B016A000F6308 /* Test2.m */ = {isa = PBXFileReference; fileEncoding = 4; lastKnownFileType = sourcecode.c.objc; path = Test2.m; sourceTree = "<group>"; };
		A0F2A4CF194ACFDE0035F17C /* DylibTest.app */ = {isa = PBXFileReference; explicitFileType = wrapper.application; includeInIndex = 0; path = DylibTest.app; sourceTree = BUILT_PRODUCTS_DIR; };
		A0F2A4D3194ACFDE0035F17C /* Info.plist */ = {isa = PBXFileReference; lastKnownFileType = text.plist.xml; path = Info.plist; sourceTree = "<group>"; };
		A0F2A4D4194ACFDE0035F17C /* main.m */ = {isa = PBXFileReference; lastKnownFileType = sourcecode.c.objc; path = main.m; sourceTree = "<group>"; };
		A0F2A4D6194ACFDE0035F17C /* AppDelegate.h */ = {isa = PBXFileReference; lastKnownFileType = sourcecode.c.h; path = AppDelegate.h; sourceTree = "<group>"; };
		A0F2A4D7194ACFDE0035F17C /* AppDelegate.m */ = {isa = PBXFileReference; lastKnownFileType = sourcecode.c.objc; path = AppDelegate.m; sourceTree = "<group>"; };
		A0F2A4D9194ACFDE0035F17C /* ViewController.h */ = {isa = PBXFileReference; lastKnownFileType = sourcecode.c.h; path = ViewController.h; sourceTree = "<group>"; };
		A0F2A4DA194ACFDE0035F17C /* ViewController.m */ = {isa = PBXFileReference; lastKnownFileType = sourcecode.c.objc; path = ViewController.m; sourceTree = "<group>"; };
		A0F2A4DD194ACFDE0035F17C /* Base */ = {isa = PBXFileReference; lastKnownFileType = file.storyboard; name = Base; path = Base.lproj/Main.storyboard; sourceTree = "<group>"; };
		A0F2A4DF194ACFDE0035F17C /* Images.xcassets */ = {isa = PBXFileReference; lastKnownFileType = folder.assetcatalog; path = Images.xcassets; sourceTree = "<group>"; };
		A0F2A4E5194ACFDE0035F17C /* DylibTestTests.xctest */ = {isa = PBXFileReference; explicitFileType = wrapper.cfbundle; includeInIndex = 0; path = DylibTestTests.xctest; sourceTree = BUILT_PRODUCTS_DIR; };
		A0F2A4EA194ACFDE0035F17C /* Info.plist */ = {isa = PBXFileReference; lastKnownFileType = text.plist.xml; path = Info.plist; sourceTree = "<group>"; };
		A0F2A4EB194ACFDE0035F17C /* DylibTestTests.m */ = {isa = PBXFileReference; lastKnownFileType = sourcecode.c.objc; path = DylibTestTests.m; sourceTree = "<group>"; };
/* End PBXFileReference section */

/* Begin PBXFrameworksBuildPhase section */
		A0F2A4CC194ACFDE0035F17C /* Frameworks */ = {
			isa = PBXFrameworksBuildPhase;
			buildActionMask = 2147483647;
			files = (
			);
			runOnlyForDeploymentPostprocessing = 0;
		};
		A0F2A4E2194ACFDE0035F17C /* Frameworks */ = {
			isa = PBXFrameworksBuildPhase;
			buildActionMask = 2147483647;
			files = (
			);
			runOnlyForDeploymentPostprocessing = 0;
		};
/* End PBXFrameworksBuildPhase section */

/* Begin PBXGroup section */
		A0F2A4C6194ACFDE0035F17C = {
			isa = PBXGroup;
			children = (
				A0F2A4D1194ACFDE0035F17C /* DylibTest */,
				A0F2A4E8194ACFDE0035F17C /* DylibTestTests */,
				A0F2A4D0194ACFDE0035F17C /* Products */,
			);
			sourceTree = "<group>";
		};
		A0F2A4D0194ACFDE0035F17C /* Products */ = {
			isa = PBXGroup;
			children = (
				A0F2A4CF194ACFDE0035F17C /* DylibTest.app */,
				A0F2A4E5194ACFDE0035F17C /* DylibTestTests.xctest */,
			);
			name = Products;
			sourceTree = "<group>";
		};
		A0F2A4D1194ACFDE0035F17C /* DylibTest */ = {
			isa = PBXGroup;
			children = (
				A0F2A4D6194ACFDE0035F17C /* AppDelegate.h */,
				A0F2A4D7194ACFDE0035F17C /* AppDelegate.m */,
				A0F2A4D9194ACFDE0035F17C /* ViewController.h */,
				A0F2A4DA194ACFDE0035F17C /* ViewController.m */,
				A0F2A4DC194ACFDE0035F17C /* Main.storyboard */,
				A0F2A4DF194ACFDE0035F17C /* Images.xcassets */,
				A0F2A4D2194ACFDE0035F17C /* Supporting Files */,
				A08A132C194B016A000F6308 /* Test2.h */,
				A08A132D194B016A000F6308 /* Test2.m */,
			);
			path = DylibTest;
			sourceTree = "<group>";
		};
		A0F2A4D2194ACFDE0035F17C /* Supporting Files */ = {
			isa = PBXGroup;
			children = (
				A0F2A4D3194ACFDE0035F17C /* Info.plist */,
				A0F2A4D4194ACFDE0035F17C /* main.m */,
			);
			name = "Supporting Files";
			sourceTree = "<group>";
		};
		A0F2A4E8194ACFDE0035F17C /* DylibTestTests */ = {
			isa = PBXGroup;
			children = (
				A0F2A4EB194ACFDE0035F17C /* DylibTestTests.m */,
				A0F2A4E9194ACFDE0035F17C /* Supporting Files */,
			);
			path = DylibTestTests;
			sourceTree = "<group>";
		};
		A0F2A4E9194ACFDE0035F17C /* Supporting Files */ = {
			isa = PBXGroup;
			children = (
				A0F2A4EA194ACFDE0035F17C /* Info.plist */,
			);
			name = "Supporting Files";
			sourceTree = "<group>";
		};
/* End PBXGroup section */

/* Begin PBXNativeTarget section */
		A0F2A4CE194ACFDE0035F17C /* DylibTest */ = {
			isa = PBXNativeTarget;
			buildConfigurationList = A0F2A4EF194ACFDE0035F17C /* Build configuration list for PBXNativeTarget "DylibTest" */;
			buildPhases = (
				A0F2A4CB194ACFDE0035F17C /* Sources */,
				A0F2A4CC194ACFDE0035F17C /* Frameworks */,
				A0F2A4CD194ACFDE0035F17C /* Resources */,
			);
			buildRules = (
			);
			dependencies = (
			);
			name = DylibTest;
			productName = DylibTest;
			productReference = A0F2A4CF194ACFDE0035F17C /* DylibTest.app */;
			productType = "com.apple.product-type.application";
		};
		A0F2A4E4194ACFDE0035F17C /* DylibTestTests */ = {
			isa = PBXNativeTarget;
			buildConfigurationList = A0F2A4F2194ACFDE0035F17C /* Build configuration list for PBXNativeTarget "DylibTestTests" */;
			buildPhases = (
				A0F2A4E1194ACFDE0035F17C /* Sources */,
				A0F2A4E2194ACFDE0035F17C /* Frameworks */,
				A0F2A4E3194ACFDE0035F17C /* Resources */,
			);
			buildRules = (
			);
			dependencies = (
				A0F2A4E7194ACFDE0035F17C /* PBXTargetDependency */,
			);
			name = DylibTestTests;
			productName = DylibTestTests;
			productReference = A0F2A4E5194ACFDE0035F17C /* DylibTestTests.xctest */;
			productType = "com.apple.product-type.bundle.unit-test";
		};
/* End PBXNativeTarget section */

/* Begin PBXProject section */
		A0F2A4C7194ACFDE0035F17C /* Project object */ = {
			isa = PBXProject;
			attributes = {
				LastUpgradeCheck = 0600;
				ORGANIZATIONNAME = ZhangJunbo;
				TargetAttributes = {
					A0F2A4CE194ACFDE0035F17C = {
						CreatedOnToolsVersion = 6.0;
					};
					A0F2A4E4194ACFDE0035F17C = {
						CreatedOnToolsVersion = 6.0;
						TestTargetID = A0F2A4CE194ACFDE0035F17C;
					};
				};
			};
			buildConfigurationList = A0F2A4CA194ACFDE0035F17C /* Build configuration list for PBXProject "DylibTest" */;
			compatibilityVersion = "Xcode 3.2";
			developmentRegion = English;
			hasScannedForEncodings = 0;
			knownRegions = (
				en,
				Base,
			);
			mainGroup = A0F2A4C6194ACFDE0035F17C;
			productRefGroup = A0F2A4D0194ACFDE0035F17C /* Products */;
			projectDirPath = "";
			projectRoot = "";
			targets = (
				A0F2A4CE194ACFDE0035F17C /* DylibTest */,
				A0F2A4E4194ACFDE0035F17C /* DylibTestTests */,
			);
		};
/* End PBXProject section */

/* Begin PBXResourcesBuildPhase section */
		A0F2A4CD194ACFDE0035F17C /* Resources */ = {
			isa = PBXResourcesBuildPhase;
			buildActionMask = 2147483647;
			files = (
				A0F2A4DE194ACFDE0035F17C /* Main.storyboard in Resources */,
				A0F2A4E0194ACFDE0035F17C /* Images.xcassets in Resources */,
			);
			runOnlyForDeploymentPostprocessing = 0;
		};
		A0F2A4E3194ACFDE0035F17C /* Resources */ = {
			isa = PBXResourcesBuildPhase;
			buildActionMask = 2147483647;
			files = (
			);
			runOnlyForDeploymentPostprocessing = 0;
		};
/* End PBXResourcesBuildPhase section */

/* Begin PBXSourcesBuildPhase section */
		A0F2A4CB194ACFDE0035F17C /* Sources */ = {
			isa = PBXSourcesBuildPhase;
			buildActionMask = 2147483647;
			files = (
				A08A132E194B016A000F6308 /* Test2.m in Sources */,
				A0F2A4DB194ACFDE0035F17C /* ViewController.m in Sources */,
				A0F2A4D8194ACFDE0035F17C /* AppDelegate.m in Sources */,
				A0F2A4D5194ACFDE0035F17C /* main.m in Sources */,
			);
			runOnlyForDeploymentPostprocessing = 0;
		};
		A0F2A4E1194ACFDE0035F17C /* Sources */ = {
			isa = PBXSourcesBuildPhase;
			buildActionMask = 2147483647;
			files = (
				A0F2A4EC194ACFDE0035F17C /* DylibTestTests.m in Sources */,
			);
			runOnlyForDeploymentPostprocessing = 0;
		};
/* End PBXSourcesBuildPhase section */

/* Begin PBXTargetDependency section */
		A0F2A4E7194ACFDE0035F17C /* PBXTargetDependency */ = {
			isa = PBXTargetDependency;
			target = A0F2A4CE194ACFDE0035F17C /* DylibTest */;
			targetProxy = A0F2A4E6194ACFDE0035F17C /* PBXContainerItemProxy */;
		};
/* End PBXTargetDependency section */

/* Begin PBXVariantGroup section */
		A0F2A4DC194ACFDE0035F17C /* Main.storyboard */ = {
			isa = PBXVariantGroup;
			children = (
				A0F2A4DD194ACFDE0035F17C /* Base */,
			);
			name = Main.storyboard;
			sourceTree = "<group>";
		};
/* End PBXVariantGroup section */

/* Begin XCBuildConfiguration section */
		A0F2A4ED194ACFDE0035F17C /* Debug */ = {
			isa = XCBuildConfiguration;
			buildSettings = {
				ALWAYS_SEARCH_USER_PATHS = NO;
				CLANG_CXX_LANGUAGE_STANDARD = "gnu++0x";
				CLANG_CXX_LIBRARY = "libc++";
				CLANG_ENABLE_MODULES = YES;
				CLANG_ENABLE_OBJC_ARC = YES;
				CLANG_WARN_BOOL_CONVERSION = YES;
				CLANG_WARN_CONSTANT_CONVERSION = YES;
				CLANG_WARN_DIRECT_OBJC_ISA_USAGE = YES_ERROR;
				CLANG_WARN_EMPTY_BODY = YES;
				CLANG_WARN_ENUM_CONVERSION = YES;
				CLANG_WARN_INT_CONVERSION = YES;
				CLANG_WARN_OBJC_ROOT_CLASS = YES_ERROR;
				CLANG_WARN_UNREACHABLE_CODE = YES;
				CLANG_WARN__DUPLICATE_METHOD_MATCH = YES;
				CODE_SIGN_IDENTITY = "iPhone Developer: Xiao Sa (25EVHFVDG7)";
				"CODE_SIGN_IDENTITY[sdk=iphoneos*]" = "iPhone Developer";
				COPY_PHASE_STRIP = NO;
				ENABLE_STRICT_OBJC_MSGSEND = YES;
				GCC_C_LANGUAGE_STANDARD = gnu99;
				GCC_DYNAMIC_NO_PIC = NO;
				GCC_OPTIMIZATION_LEVEL = 0;
				GCC_PREPROCESSOR_DEFINITIONS = (
					"DEBUG=1",
					"$(inherited)",
				);
				GCC_SYMBOLS_PRIVATE_EXTERN = NO;
				GCC_WARN_64_TO_32_BIT_CONVERSION = YES;
				GCC_WARN_ABOUT_RETURN_TYPE = YES_ERROR;
				GCC_WARN_UNDECLARED_SELECTOR = YES;
				GCC_WARN_UNINITIALIZED_AUTOS = YES_AGGRESSIVE;
				GCC_WARN_UNUSED_FUNCTION = YES;
				GCC_WARN_UNUSED_VARIABLE = YES;
				IPHONEOS_DEPLOYMENT_TARGET = 7.1;
				METAL_ENABLE_DEBUG_INFO = YES;
				ONLY_ACTIVE_ARCH = YES;
				SDKROOT = iphoneos;
			};
			name = Debug;
		};
		A0F2A4EE194ACFDE0035F17C /* Release */ = {
			isa = XCBuildConfiguration;
			buildSettings = {
				ALWAYS_SEARCH_USER_PATHS = NO;
				CLANG_CXX_LANGUAGE_STANDARD = "gnu++0x";
				CLANG_CXX_LIBRARY = "libc++";
				CLANG_ENABLE_MODULES = YES;
				CLANG_ENABLE_OBJC_ARC = YES;
				CLANG_WARN_BOOL_CONVERSION = YES;
				CLANG_WARN_CONSTANT_CONVERSION = YES;
				CLANG_WARN_DIRECT_OBJC_ISA_USAGE = YES_ERROR;
				CLANG_WARN_EMPTY_BODY = YES;
				CLANG_WARN_ENUM_CONVERSION = YES;
				CLANG_WARN_INT_CONVERSION = YES;
				CLANG_WARN_OBJC_ROOT_CLASS = YES_ERROR;
				CLANG_WARN_UNREACHABLE_CODE = YES;
				CLANG_WARN__DUPLICATE_METHOD_MATCH = YES;
				CODE_SIGN_IDENTITY = "iPhone Developer: Xiao Sa (25EVHFVDG7)";
				"CODE_SIGN_IDENTITY[sdk=iphoneos*]" = "iPhone Developer";
				COPY_PHASE_STRIP = YES;
				ENABLE_NS_ASSERTIONS = NO;
				ENABLE_STRICT_OBJC_MSGSEND = YES;
				GCC_C_LANGUAGE_STANDARD = gnu99;
				GCC_WARN_64_TO_32_BIT_CONVERSION = YES;
				GCC_WARN_ABOUT_RETURN_TYPE = YES_ERROR;
				GCC_WARN_UNDECLARED_SELECTOR = YES;
				GCC_WARN_UNINITIALIZED_AUTOS = YES_AGGRESSIVE;
				GCC_WARN_UNUSED_FUNCTION = YES;
				GCC_WARN_UNUSED_VARIABLE = YES;
				IPHONEOS_DEPLOYMENT_TARGET = 7.1;
				METAL_ENABLE_DEBUG_INFO = NO;
				SDKROOT = iphoneos;
				VALIDATE_PRODUCT = YES;
			};
			name = Release;
		};
		A0F2A4F0194ACFDE0035F17C /* Debug */ = {
			isa = XCBuildConfiguration;
			buildSettings = {
				ASSETCATALOG_COMPILER_APPICON_NAME = AppIcon;
				ASSETCATALOG_COMPILER_LAUNCHIMAGE_NAME = LaunchImage;
				CODE_SIGN_IDENTITY = "iPhone Developer: Xiao Sa (25EVHFVDG7)";
				INFOPLIST_FILE = DylibTest/Info.plist;
				IPHONEOS_DEPLOYMENT_TARGET = 7.1;
				LD_RUNPATH_SEARCH_PATHS = "$(inherited) @executable_path/Frameworks";
				PRODUCT_NAME = "$(TARGET_NAME)";
				PROVISIONING_PROFILE = "879EA140-B001-4DCF-A317-CC72479DB612";
				TARGETED_DEVICE_FAMILY = 1;
			};
			name = Debug;
		};
		A0F2A4F1194ACFDE0035F17C /* Release */ = {
			isa = XCBuildConfiguration;
			buildSettings = {
				ASSETCATALOG_COMPILER_APPICON_NAME = AppIcon;
				ASSETCATALOG_COMPILER_LAUNCHIMAGE_NAME = LaunchImage;
				CODE_SIGN_IDENTITY = "iPhone Developer: Xiao Sa (25EVHFVDG7)";
				INFOPLIST_FILE = DylibTest/Info.plist;
				IPHONEOS_DEPLOYMENT_TARGET = 7.1;
				LD_RUNPATH_SEARCH_PATHS = "$(inherited) @executable_path/Frameworks";
				PRODUCT_NAME = "$(TARGET_NAME)";
				PROVISIONING_PROFILE = "879EA140-B001-4DCF-A317-CC72479DB612";
				TARGETED_DEVICE_FAMILY = 1;
			};
			name = Release;
		};
		A0F2A4F3194ACFDE0035F17C /* Debug */ = {
			isa = XCBuildConfiguration;
			buildSettings = {
				BUNDLE_LOADER = "$(BUILT_PRODUCTS_DIR)/DylibTest.app/DylibTest";
				FRAMEWORK_SEARCH_PATHS = (
					"$(SDKROOT)/Developer/Library/Frameworks",
					"$(inherited)",
				);
				GCC_PREPROCESSOR_DEFINITIONS = (
					"DEBUG=1",
					"$(inherited)",
				);
				INFOPLIST_FILE = DylibTestTests/Info.plist;
				LD_RUNPATH_SEARCH_PATHS = "$(inherited) @executable_path/Frameworks @loader_path/Frameworks";
				METAL_ENABLE_DEBUG_INFO = YES;
				PRODUCT_NAME = "$(TARGET_NAME)";
				TEST_HOST = "$(BUNDLE_LOADER)";
			};
			name = Debug;
		};
		A0F2A4F4194ACFDE0035F17C /* Release */ = {
			isa = XCBuildConfiguration;
			buildSettings = {
				BUNDLE_LOADER = "$(BUILT_PRODUCTS_DIR)/DylibTest.app/DylibTest";
				FRAMEWORK_SEARCH_PATHS = (
					"$(SDKROOT)/Developer/Library/Frameworks",
					"$(inherited)",
				);
				INFOPLIST_FILE = DylibTestTests/Info.plist;
				LD_RUNPATH_SEARCH_PATHS = "$(inherited) @executable_path/Frameworks @loader_path/Frameworks";
				METAL_ENABLE_DEBUG_INFO = NO;
				PRODUCT_NAME = "$(TARGET_NAME)";
				TEST_HOST = "$(BUNDLE_LOADER)";
			};
			name = Release;
		};
/* End XCBuildConfiguration section */

/* Begin XCConfigurationList section */
		A0F2A4CA194ACFDE0035F17C /* Build configuration list for PBXProject "DylibTest" */ = {
			isa = XCConfigurationList;
			buildConfigurations = (
				A0F2A4ED194ACFDE0035F17C /* Debug */,
				A0F2A4EE194ACFDE0035F17C /* Release */,
			);
			defaultConfigurationIsVisible = 0;
			defaultConfigurationName = Release;
		};
		A0F2A4EF194ACFDE0035F17C /* Build configuration list for PBXNativeTarget "DylibTest" */ = {
			isa = XCConfigurationList;
			buildConfigurations = (
				A0F2A4F0194ACFDE0035F17C /* Debug */,
				A0F2A4F1194ACFDE0035F17C /* Release */,
			);
			defaultConfigurationIsVisible = 0;
			defaultConfigurationName = Release;
		};
		A0F2A4F2194ACFDE0035F17C /* Build configuration list for PBXNativeTarget "DylibTestTests" */ = {
			isa = XCConfigurationList;
			buildConfigurations = (
				A0F2A4F3194ACFDE0035F17C /* Debug */,
				A0F2A4F4194ACFDE0035F17C /* Release */,
			);
			defaultConfigurationIsVisible = 0;
			defaultConfigurationName = Release;
		};
/* End XCConfigurationList section */
	};
	rootObject = A0F2A4C7194ACFDE0035F17C /* Project object */;
}
